
Microsoft Visual Studio Solution File, Format Version 12.00
# Visual Studio Version 17
VisualStudioVersion = 17.11.35219.272
MinimumVisualStudioVersion = 10.0.40219.1
Project("{FAE04EC0-301F-11D3-BF4B-00C04F79EFBC}") = "InvoiceMe.Server", "InvoiceMe.Server\InvoiceMe.Server.csproj", "{11D2FFF4-AED9-4E22-95D5-3469EA5F2FC4}"
EndProject
Project("{54A90642-561A-4BB1-A94E-469ADEE60C69}") = "invoiceme.client", "invoiceme.client\invoiceme.client.esproj", "{70E94145-95F1-44D9-A495-22A5B0449031}"
EndProject
Global
	GlobalSection(SolutionConfigurationPlatforms) = preSolution
		Debug|Any CPU = Debug|Any CPU
		Release|Any CPU = Release|Any CPU
	EndGlobalSection
	GlobalSection(ProjectConfigurationPlatforms) = postSolution
		{11D2FFF4-AED9-4E22-95D5-3469EA5F2FC4}.Debug|Any CPU.ActiveCfg = Debug|Any CPU
		{11D2FFF4-AED9-4E22-95D5-3469EA5F2FC4}.Debug|Any CPU.Build.0 = Debug|Any CPU
		{11D2FFF4-AED9-4E22-95D5-3469EA5F2FC4}.Release|Any CPU.ActiveCfg = Release|Any CPU
		{11D2FFF4-AED9-4E22-95D5-3469EA5F2FC4}.Release|Any CPU.Build.0 = Release|Any CPU
		{70E94145-95F1-44D9-A495-22A5B0449031}.Debug|Any CPU.ActiveCfg = Debug|Any CPU
		{70E94145-95F1-44D9-A495-22A5B0449031}.Debug|Any CPU.Build.0 = Debug|Any CPU
		{70E94145-95F1-44D9-A495-22A5B0449031}.Debug|Any CPU.Deploy.0 = Debug|Any CPU
		{70E94145-95F1-44D9-A495-22A5B0449031}.Release|Any CPU.ActiveCfg = Release|Any CPU
		{70E94145-95F1-44D9-A495-22A5B0449031}.Release|Any CPU.Build.0 = Release|Any CPU
		{70E94145-95F1-44D9-A495-22A5B0449031}.Release|Any CPU.Deploy.0 = Release|Any CPU
	EndGlobalSection
	GlobalSection(SolutionProperties) = preSolution
		HideSolutionNode = FALSE
	EndGlobalSection
	GlobalSection(ExtensibilityGlobals) = postSolution
		SolutionGuid = {0CAFD6DE-E93B-4A0D-978C-401370115DEB}
	EndGlobalSection
EndGlobal
